
Microsoft Visual Studio Solution File, Format Version 12.00
# Visual Studio Version 17
VisualStudioVersion = 17.5.33424.131
MinimumVisualStudioVersion = 10.0.40219.1
Project("{9A19103F-16F7-4668-BE54-9A1E7A4F7556}") = "AConsoleCoreRunner", "Console_Core_7\AConsoleCoreRunner.csproj", "{EB1B3FEE-B097-451B-9C40-716ACDBCB6F4}"
EndProject
Project("{9A19103F-16F7-4668-BE54-9A1E7A4F7556}") = "SharpDxSandbox", "SharpDxSandbox\SharpDxSandbox.csproj", "{730A5F56-0E42-46A0-88B5-730568FE6899}"
EndProject
Project("{9A19103F-16F7-4668-BE54-9A1E7A4F7556}") = "CodeGeneration", "CodeGeneration\CodeGeneration.csproj", "{96167F82-63AE-4952-910B-32B4BD93C70C}"
EndProject
Global
	GlobalSection(SolutionConfigurationPlatforms) = preSolution
		Debug|Any CPU = Debug|Any CPU
		Release|Any CPU = Release|Any CPU
	EndGlobalSection
	GlobalSection(ProjectConfigurationPlatforms) = postSolution
		{EB1B3FEE-B097-451B-9C40-716ACDBCB6F4}.Debug|Any CPU.ActiveCfg = Debug|Any CPU
		{EB1B3FEE-B097-451B-9C40-716ACDBCB6F4}.Debug|Any CPU.Build.0 = Debug|Any CPU
		{EB1B3FEE-B097-451B-9C40-716ACDBCB6F4}.Release|Any CPU.ActiveCfg = Release|Any CPU
		{EB1B3FEE-B097-451B-9C40-716ACDBCB6F4}.Release|Any CPU.Build.0 = Release|Any CPU
		{730A5F56-0E42-46A0-88B5-730568FE6899}.Debug|Any CPU.ActiveCfg = Debug|Any CPU
		{730A5F56-0E42-46A0-88B5-730568FE6899}.Debug|Any CPU.Build.0 = Debug|Any CPU
		{730A5F56-0E42-46A0-88B5-730568FE6899}.Release|Any CPU.ActiveCfg = Release|Any CPU
		{730A5F56-0E42-46A0-88B5-730568FE6899}.Release|Any CPU.Build.0 = Release|Any CPU
		{96167F82-63AE-4952-910B-32B4BD93C70C}.Debug|Any CPU.ActiveCfg = Debug|Any CPU
		{96167F82-63AE-4952-910B-32B4BD93C70C}.Debug|Any CPU.Build.0 = Debug|Any CPU
		{96167F82-63AE-4952-910B-32B4BD93C70C}.Release|Any CPU.ActiveCfg = Release|Any CPU
		{96167F82-63AE-4952-910B-32B4BD93C70C}.Release|Any CPU.Build.0 = Release|Any CPU
	EndGlobalSection
	GlobalSection(SolutionProperties) = preSolution
		HideSolutionNode = FALSE
	EndGlobalSection
	GlobalSection(ExtensibilityGlobals) = postSolution
		SolutionGuid = {DF127E08-BA49-47AF-ACF5-2D5D05FD9753}
	EndGlobalSection
EndGlobal
